{
  "name": "git-buckets",
  "version": "0.0.0",
  "lockfileVersion": 2,
  "requires": true,
  "packages": {
    "": {
      "name": "git-buckets",
      "version": "0.0.0",
      "license": "ISC",
      "devDependencies": {
        "@tobysmith568/prettier-config": "^1.2.0"
      }
    },
    "node_modules/@tobysmith568/prettier-config": {
      "version": "1.2.0",
      "resolved": "https://registry.npmjs.org/@tobysmith568/prettier-config/-/prettier-config-1.2.0.tgz",
      "integrity": "sha512-NkS61uphkuS86U7uSN8EpXcAP2R0pQOAFqCfCrEy1H6ZOtrzi97sSnZuyyXa/xQm6rjtxMNYYs71PqQ55EEyrw==",
      "dev": true,
      "dependencies": {
        "prettier": "^2.4.0",
        "prettier-plugin-organize-imports": "^2.3.3",
        "typescript": "^4.3.5"
      }
    },
    "node_modules/prettier": {
      "version": "2.5.1",
      "resolved": "https://registry.npmjs.org/prettier/-/prettier-2.5.1.tgz",
      "integrity": "sha512-vBZcPRUR5MZJwoyi3ZoyQlc1rXeEck8KgeC9AwwOn+exuxLxq5toTRDTSaVrXHxelDMHy9zlicw8u66yxoSUFg==",
      "dev": true,
      "bin": {
        "prettier": "bin-prettier.js"
      },
      "engines": {
        "node": ">=10.13.0"
      }
    },
    "node_modules/prettier-plugin-organize-imports": {
      "version": "2.3.4",
      "resolved": "https://registry.npmjs.org/prettier-plugin-organize-imports/-/prettier-plugin-organize-imports-2.3.4.tgz",
      "integrity": "sha512-R8o23sf5iVL/U71h9SFUdhdOEPsi3nm42FD/oDYIZ2PQa4TNWWuWecxln6jlIQzpZTDMUeO1NicJP6lLn2TtRw==",
      "dev": true,
      "peerDependencies": {
        "prettier": ">=2.0",
        "typescript": ">=2.9"
      }
    },
    "node_modules/typescript": {
      "version": "4.5.5",
      "resolved": "https://registry.npmjs.org/typescript/-/typescript-4.5.5.tgz",
      "integrity": "sha512-TCTIul70LyWe6IJWT8QSYeA54WQe8EjQFU4wY52Fasj5UKx88LNYKCgBEHcOMOrFF1rKGbD8v/xcNWVUq9SymA==",
      "dev": true,
      "bin": {
        "tsc": "bin/tsc",
        "tsserver": "bin/tsserver"
      },
      "engines": {
        "node": ">=4.2.0"
      }
    }
  },
  "dependencies": {
    "@tobysmith568/prettier-config": {
      "version": "1.2.0",
      "resolved": "https://registry.npmjs.org/@tobysmith568/prettier-config/-/prettier-config-1.2.0.tgz",
      "integrity": "sha512-NkS61uphkuS86U7uSN8EpXcAP2R0pQOAFqCfCrEy1H6ZOtrzi97sSnZuyyXa/xQm6rjtxMNYYs71PqQ55EEyrw==",
      "dev": true,
      "requires": {
        "prettier": "^2.4.0",
        "prettier-plugin-organize-imports": "^2.3.3",
        "typescript": "^4.3.5"
      }
    },
    "prettier": {
      "version": "2.5.1",
      "resolved": "https://registry.npmjs.org/prettier/-/prettier-2.5.1.tgz",
      "integrity": "sha512-vBZcPRUR5MZJwoyi3ZoyQlc1rXeEck8KgeC9AwwOn+exuxLxq5toTRDTSaVrXHxelDMHy9zlicw8u66yxoSUFg==",
      "dev": true
    },
    "prettier-plugin-organize-imports": {
      "version": "2.3.4",
      "resolved": "https://registry.npmjs.org/prettier-plugin-organize-imports/-/prettier-plugin-organize-imports-2.3.4.tgz",
      "integrity": "sha512-R8o23sf5iVL/U71h9SFUdhdOEPsi3nm42FD/oDYIZ2PQa4TNWWuWecxln6jlIQzpZTDMUeO1NicJP6lLn2TtRw==",
      "dev": true,
      "requires": {}
    },
    "typescript": {
      "version": "4.5.5",
      "resolved": "https://registry.npmjs.org/typescript/-/typescript-4.5.5.tgz",
      "integrity": "sha512-TCTIul70LyWe6IJWT8QSYeA54WQe8EjQFU4wY52Fasj5UKx88LNYKCgBEHcOMOrFF1rKGbD8v/xcNWVUq9SymA==",
      "dev": true
    }
  }
}
